
Microsoft Visual Studio Solution File, Format Version 12.00
# Visual Studio 15
VisualStudioVersion = 15.0.28010.2050
MinimumVisualStudioVersion = 10.0.40219.1
Project("{FAE04EC0-301F-11D3-BF4B-00C04F79EFBC}") = "MyApiForSomeThing", "MyApiForSomeThing\MyApiForSomeThing.csproj", "{551E2820-3227-4469-820B-55D17B2EF375}"
EndProject
Global
	GlobalSection(SolutionConfigurationPlatforms) = preSolution
		Debug|Any CPU = Debug|Any CPU
		Release|Any CPU = Release|Any CPU
	EndGlobalSection
	GlobalSection(ProjectConfigurationPlatforms) = postSolution
		{551E2820-3227-4469-820B-55D17B2EF375}.Debug|Any CPU.ActiveCfg = Debug|Any CPU
		{551E2820-3227-4469-820B-55D17B2EF375}.Debug|Any CPU.Build.0 = Debug|Any CPU
		{551E2820-3227-4469-820B-55D17B2EF375}.Release|Any CPU.ActiveCfg = Release|Any CPU
		{551E2820-3227-4469-820B-55D17B2EF375}.Release|Any CPU.Build.0 = Release|Any CPU
	EndGlobalSection
	GlobalSection(SolutionProperties) = preSolution
		HideSolutionNode = FALSE
	EndGlobalSection
	GlobalSection(ExtensibilityGlobals) = postSolution
		SolutionGuid = {8B6E988E-13A7-4531-AC39-216DAE0B931D}
	EndGlobalSection
EndGlobal
